
Microsoft Visual Studio Solution File, Format Version 12.00
# Visual Studio Version 17
VisualStudioVersion = 17.3.32819.101
MinimumVisualStudioVersion = 10.0.40219.1
Project("{FAE04EC0-301F-11D3-BF4B-00C04F79EFBC}") = "Presentacion", "Presentacion\Presentacion.csproj", "{B6C39037-419B-430A-BB8F-3EBB4BD4A8FA}"
EndProject
Project("{FAE04EC0-301F-11D3-BF4B-00C04F79EFBC}") = "Logica", "Logica\Logica.csproj", "{036DC6E7-DC55-4B94-B9D8-FA29320AB198}"
EndProject
Project("{FAE04EC0-301F-11D3-BF4B-00C04F79EFBC}") = "Datos", "Datos\Datos.csproj", "{FDA38483-34EB-42C8-AF2E-ADF251B135BD}"
EndProject
Project("{FAE04EC0-301F-11D3-BF4B-00C04F79EFBC}") = "Entidades", "Entidades\Entidades.csproj", "{50881C4C-CDF9-42F6-A139-0B94CF35B77D}"
EndProject
Project("{FAE04EC0-301F-11D3-BF4B-00C04F79EFBC}") = "Prueba", "Prueba\Prueba.csproj", "{CC8DD67C-B55F-4CA6-8FA2-F7E04B858A91}"
EndProject
Global
	GlobalSection(SolutionConfigurationPlatforms) = preSolution
		Debug|Any CPU = Debug|Any CPU
		Release|Any CPU = Release|Any CPU
	EndGlobalSection
	GlobalSection(ProjectConfigurationPlatforms) = postSolution
		{B6C39037-419B-430A-BB8F-3EBB4BD4A8FA}.Debug|Any CPU.ActiveCfg = Debug|Any CPU
		{B6C39037-419B-430A-BB8F-3EBB4BD4A8FA}.Debug|Any CPU.Build.0 = Debug|Any CPU
		{B6C39037-419B-430A-BB8F-3EBB4BD4A8FA}.Release|Any CPU.ActiveCfg = Release|Any CPU
		{B6C39037-419B-430A-BB8F-3EBB4BD4A8FA}.Release|Any CPU.Build.0 = Release|Any CPU
		{036DC6E7-DC55-4B94-B9D8-FA29320AB198}.Debug|Any CPU.ActiveCfg = Debug|Any CPU
		{036DC6E7-DC55-4B94-B9D8-FA29320AB198}.Debug|Any CPU.Build.0 = Debug|Any CPU
		{036DC6E7-DC55-4B94-B9D8-FA29320AB198}.Release|Any CPU.ActiveCfg = Release|Any CPU
		{036DC6E7-DC55-4B94-B9D8-FA29320AB198}.Release|Any CPU.Build.0 = Release|Any CPU
		{FDA38483-34EB-42C8-AF2E-ADF251B135BD}.Debug|Any CPU.ActiveCfg = Debug|Any CPU
		{FDA38483-34EB-42C8-AF2E-ADF251B135BD}.Debug|Any CPU.Build.0 = Debug|Any CPU
		{FDA38483-34EB-42C8-AF2E-ADF251B135BD}.Release|Any CPU.ActiveCfg = Release|Any CPU
		{FDA38483-34EB-42C8-AF2E-ADF251B135BD}.Release|Any CPU.Build.0 = Release|Any CPU
		{50881C4C-CDF9-42F6-A139-0B94CF35B77D}.Debug|Any CPU.ActiveCfg = Debug|Any CPU
		{50881C4C-CDF9-42F6-A139-0B94CF35B77D}.Debug|Any CPU.Build.0 = Debug|Any CPU
		{50881C4C-CDF9-42F6-A139-0B94CF35B77D}.Release|Any CPU.ActiveCfg = Release|Any CPU
		{50881C4C-CDF9-42F6-A139-0B94CF35B77D}.Release|Any CPU.Build.0 = Release|Any CPU
		{CC8DD67C-B55F-4CA6-8FA2-F7E04B858A91}.Debug|Any CPU.ActiveCfg = Debug|Any CPU
		{CC8DD67C-B55F-4CA6-8FA2-F7E04B858A91}.Debug|Any CPU.Build.0 = Debug|Any CPU
		{CC8DD67C-B55F-4CA6-8FA2-F7E04B858A91}.Release|Any CPU.ActiveCfg = Release|Any CPU
		{CC8DD67C-B55F-4CA6-8FA2-F7E04B858A91}.Release|Any CPU.Build.0 = Release|Any CPU
	EndGlobalSection
	GlobalSection(SolutionProperties) = preSolution
		HideSolutionNode = FALSE
	EndGlobalSection
	GlobalSection(ExtensibilityGlobals) = postSolution
		SolutionGuid = {738FD286-4AB8-4974-A0DB-76E6D165963C}
	EndGlobalSection
EndGlobal
